
Microsoft Visual Studio Solution File, Format Version 12.00
# Visual Studio Version 17
VisualStudioVersion = 17.5.33530.505
MinimumVisualStudioVersion = 10.0.40219.1
Project("{FAE04EC0-301F-11D3-BF4B-00C04F79EFBC}") = "MVVM", "MVVM.csproj", "{577C5886-F9B3-4252-9898-0D0F639AFA69}"
EndProject
Project("{FAE04EC0-301F-11D3-BF4B-00C04F79EFBC}") = "HelloAPp", "..\HelloAPp\HelloAPp.csproj", "{787B2533-CD97-4543-A7E6-8EFA3D99135F}"
EndProject
Global
	GlobalSection(SolutionConfigurationPlatforms) = preSolution
		Debug|Any CPU = Debug|Any CPU
		Release|Any CPU = Release|Any CPU
	EndGlobalSection
	GlobalSection(ProjectConfigurationPlatforms) = postSolution
		{577C5886-F9B3-4252-9898-0D0F639AFA69}.Debug|Any CPU.ActiveCfg = Debug|Any CPU
		{577C5886-F9B3-4252-9898-0D0F639AFA69}.Debug|Any CPU.Build.0 = Debug|Any CPU
		{577C5886-F9B3-4252-9898-0D0F639AFA69}.Release|Any CPU.ActiveCfg = Release|Any CPU
		{577C5886-F9B3-4252-9898-0D0F639AFA69}.Release|Any CPU.Build.0 = Release|Any CPU
		{787B2533-CD97-4543-A7E6-8EFA3D99135F}.Debug|Any CPU.ActiveCfg = Debug|Any CPU
		{787B2533-CD97-4543-A7E6-8EFA3D99135F}.Debug|Any CPU.Build.0 = Debug|Any CPU
		{787B2533-CD97-4543-A7E6-8EFA3D99135F}.Release|Any CPU.ActiveCfg = Release|Any CPU
		{787B2533-CD97-4543-A7E6-8EFA3D99135F}.Release|Any CPU.Build.0 = Release|Any CPU
	EndGlobalSection
	GlobalSection(SolutionProperties) = preSolution
		HideSolutionNode = FALSE
	EndGlobalSection
	GlobalSection(ExtensibilityGlobals) = postSolution
		SolutionGuid = {5D517D74-EF4C-4E86-B093-78BC75764441}
	EndGlobalSection
EndGlobal
